
Microsoft Visual Studio Solution File, Format Version 12.00
# Visual Studio Version 17
VisualStudioVersion = 17.9.34701.34
MinimumVisualStudioVersion = 10.0.40219.1
Project("{8BC9CEB8-8B4A-11D0-8D11-00A0C91BC942}") = "Hahn_M11 debig discussion", "Hahn_M11 debig discussion.vcxproj", "{7F68DC86-17C4-48A1-8BB5-DA8474321ADE}"
EndProject
Global
	GlobalSection(SolutionConfigurationPlatforms) = preSolution
		Debug|x64 = Debug|x64
		Debug|x86 = Debug|x86
		Release|x64 = Release|x64
		Release|x86 = Release|x86
	EndGlobalSection
	GlobalSection(ProjectConfigurationPlatforms) = postSolution
		{7F68DC86-17C4-48A1-8BB5-DA8474321ADE}.Debug|x64.ActiveCfg = Debug|x64
		{7F68DC86-17C4-48A1-8BB5-DA8474321ADE}.Debug|x64.Build.0 = Debug|x64
		{7F68DC86-17C4-48A1-8BB5-DA8474321ADE}.Debug|x86.ActiveCfg = Debug|Win32
		{7F68DC86-17C4-48A1-8BB5-DA8474321ADE}.Debug|x86.Build.0 = Debug|Win32
		{7F68DC86-17C4-48A1-8BB5-DA8474321ADE}.Release|x64.ActiveCfg = Release|x64
		{7F68DC86-17C4-48A1-8BB5-DA8474321ADE}.Release|x64.Build.0 = Release|x64
		{7F68DC86-17C4-48A1-8BB5-DA8474321ADE}.Release|x86.ActiveCfg = Release|Win32
		{7F68DC86-17C4-48A1-8BB5-DA8474321ADE}.Release|x86.Build.0 = Release|Win32
	EndGlobalSection
	GlobalSection(SolutionProperties) = preSolution
		HideSolutionNode = FALSE
	EndGlobalSection
	GlobalSection(ExtensibilityGlobals) = postSolution
		SolutionGuid = {9047A9DE-EF50-49AE-8709-A5BC12BA0A74}
	EndGlobalSection
EndGlobal
