
Microsoft Visual Studio Solution File, Format Version 12.00
# Visual Studio Version 17
VisualStudioVersion = 17.9.34701.34
MinimumVisualStudioVersion = 10.0.40219.1
Project("{8BC9CEB8-8B4A-11D0-8D11-00A0C91BC942}") = "Hahn_M4_Discussion", "Hahn_M4_Discussion.vcxproj", "{998861BF-710D-4AEA-99E8-C22753949405}"
EndProject
Global
	GlobalSection(SolutionConfigurationPlatforms) = preSolution
		Debug|x64 = Debug|x64
		Debug|x86 = Debug|x86
		Release|x64 = Release|x64
		Release|x86 = Release|x86
	EndGlobalSection
	GlobalSection(ProjectConfigurationPlatforms) = postSolution
		{998861BF-710D-4AEA-99E8-C22753949405}.Debug|x64.ActiveCfg = Debug|x64
		{998861BF-710D-4AEA-99E8-C22753949405}.Debug|x64.Build.0 = Debug|x64
		{998861BF-710D-4AEA-99E8-C22753949405}.Debug|x86.ActiveCfg = Debug|Win32
		{998861BF-710D-4AEA-99E8-C22753949405}.Debug|x86.Build.0 = Debug|Win32
		{998861BF-710D-4AEA-99E8-C22753949405}.Release|x64.ActiveCfg = Release|x64
		{998861BF-710D-4AEA-99E8-C22753949405}.Release|x64.Build.0 = Release|x64
		{998861BF-710D-4AEA-99E8-C22753949405}.Release|x86.ActiveCfg = Release|Win32
		{998861BF-710D-4AEA-99E8-C22753949405}.Release|x86.Build.0 = Release|Win32
	EndGlobalSection
	GlobalSection(SolutionProperties) = preSolution
		HideSolutionNode = FALSE
	EndGlobalSection
	GlobalSection(ExtensibilityGlobals) = postSolution
		SolutionGuid = {3C751299-5CC7-4C48-89BD-E058778DB92B}
	EndGlobalSection
EndGlobal
